
Microsoft Visual Studio Solution File, Format Version 12.00
# Blend for Visual Studio 15
VisualStudioVersion = 15.0.27428.2043
MinimumVisualStudioVersion = 10.0.40219.1
Project("{FAE04EC0-301F-11D3-BF4B-00C04F79EFBC}") = "独特的食物链", "独特的食物链\独特的食物链.csproj", "{A65DFBA9-FEA6-4E0B-A55D-49EA4C750C34}"
EndProject
Global
	GlobalSection(SolutionConfigurationPlatforms) = preSolution
		Debug|Any CPU = Debug|Any CPU
		Release|Any CPU = Release|Any CPU
	EndGlobalSection
	GlobalSection(ProjectConfigurationPlatforms) = postSolution
		{A65DFBA9-FEA6-4E0B-A55D-49EA4C750C34}.Debug|Any CPU.ActiveCfg = Debug|Any CPU
		{A65DFBA9-FEA6-4E0B-A55D-49EA4C750C34}.Debug|Any CPU.Build.0 = Debug|Any CPU
		{A65DFBA9-FEA6-4E0B-A55D-49EA4C750C34}.Release|Any CPU.ActiveCfg = Release|Any CPU
		{A65DFBA9-FEA6-4E0B-A55D-49EA4C750C34}.Release|Any CPU.Build.0 = Release|Any CPU
	EndGlobalSection
	GlobalSection(SolutionProperties) = preSolution
		HideSolutionNode = FALSE
	EndGlobalSection
	GlobalSection(ExtensibilityGlobals) = postSolution
		SolutionGuid = {C56E2554-9846-4FE8-9F4D-D4EC10665C9E}
	EndGlobalSection
EndGlobal
