
Microsoft Visual Studio Solution File, Format Version 12.00
# Blend for Visual Studio 15
VisualStudioVersion = 15.0.27428.2043
MinimumVisualStudioVersion = 10.0.40219.1
Project("{FAE04EC0-301F-11D3-BF4B-00C04F79EFBC}") = "草木之诗", "草木之诗\草木之诗.csproj", "{EE7C86AC-4A40-40EA-9E46-7C31AF061C67}"
EndProject
Global
	GlobalSection(SolutionConfigurationPlatforms) = preSolution
		Debug|Any CPU = Debug|Any CPU
		Release|Any CPU = Release|Any CPU
	EndGlobalSection
	GlobalSection(ProjectConfigurationPlatforms) = postSolution
		{EE7C86AC-4A40-40EA-9E46-7C31AF061C67}.Debug|Any CPU.ActiveCfg = Debug|Any CPU
		{EE7C86AC-4A40-40EA-9E46-7C31AF061C67}.Debug|Any CPU.Build.0 = Debug|Any CPU
		{EE7C86AC-4A40-40EA-9E46-7C31AF061C67}.Release|Any CPU.ActiveCfg = Release|Any CPU
		{EE7C86AC-4A40-40EA-9E46-7C31AF061C67}.Release|Any CPU.Build.0 = Release|Any CPU
	EndGlobalSection
	GlobalSection(SolutionProperties) = preSolution
		HideSolutionNode = FALSE
	EndGlobalSection
	GlobalSection(ExtensibilityGlobals) = postSolution
		SolutionGuid = {CD8A3379-380D-41BA-8CB0-29FEB0AC0551}
	EndGlobalSection
EndGlobal
